
Microsoft Visual Studio Solution File, Format Version 12.00
# Visual Studio Version 16
VisualStudioVersion = 16.0.30611.23
MinimumVisualStudioVersion = 10.0.40219.1
Project("{9A19103F-16F7-4668-BE54-9A1E7A4F7556}") = "Domain", "Domain\Domain.csproj", "{15434588-67C5-42B9-9522-379D081B458C}"
EndProject
Project("{9A19103F-16F7-4668-BE54-9A1E7A4F7556}") = "Persistence", "Persistence\Persistence.csproj", "{A31B7B08-B4FB-40D5-A280-B65A4DB2E728}"
EndProject
Project("{9A19103F-16F7-4668-BE54-9A1E7A4F7556}") = "Application", "Application\Application.csproj", "{83EEC4BD-CB36-4D34-A08A-11551984F514}"
EndProject
Project("{9A19103F-16F7-4668-BE54-9A1E7A4F7556}") = "NSocialAdmin", "NSocial\NSocialAdmin.csproj", "{3E61AAAE-F177-42B0-872F-649656F6B482}"
EndProject
Global
	GlobalSection(SolutionConfigurationPlatforms) = preSolution
		Debug|Any CPU = Debug|Any CPU
		Release|Any CPU = Release|Any CPU
	EndGlobalSection
	GlobalSection(ProjectConfigurationPlatforms) = postSolution
		{15434588-67C5-42B9-9522-379D081B458C}.Debug|Any CPU.ActiveCfg = Debug|Any CPU
		{15434588-67C5-42B9-9522-379D081B458C}.Debug|Any CPU.Build.0 = Debug|Any CPU
		{15434588-67C5-42B9-9522-379D081B458C}.Release|Any CPU.ActiveCfg = Release|Any CPU
		{15434588-67C5-42B9-9522-379D081B458C}.Release|Any CPU.Build.0 = Release|Any CPU
		{A31B7B08-B4FB-40D5-A280-B65A4DB2E728}.Debug|Any CPU.ActiveCfg = Debug|Any CPU
		{A31B7B08-B4FB-40D5-A280-B65A4DB2E728}.Debug|Any CPU.Build.0 = Debug|Any CPU
		{A31B7B08-B4FB-40D5-A280-B65A4DB2E728}.Release|Any CPU.ActiveCfg = Release|Any CPU
		{A31B7B08-B4FB-40D5-A280-B65A4DB2E728}.Release|Any CPU.Build.0 = Release|Any CPU
		{83EEC4BD-CB36-4D34-A08A-11551984F514}.Debug|Any CPU.ActiveCfg = Debug|Any CPU
		{83EEC4BD-CB36-4D34-A08A-11551984F514}.Debug|Any CPU.Build.0 = Debug|Any CPU
		{83EEC4BD-CB36-4D34-A08A-11551984F514}.Release|Any CPU.ActiveCfg = Release|Any CPU
		{83EEC4BD-CB36-4D34-A08A-11551984F514}.Release|Any CPU.Build.0 = Release|Any CPU
		{3E61AAAE-F177-42B0-872F-649656F6B482}.Debug|Any CPU.ActiveCfg = Debug|Any CPU
		{3E61AAAE-F177-42B0-872F-649656F6B482}.Debug|Any CPU.Build.0 = Debug|Any CPU
		{3E61AAAE-F177-42B0-872F-649656F6B482}.Release|Any CPU.ActiveCfg = Release|Any CPU
		{3E61AAAE-F177-42B0-872F-649656F6B482}.Release|Any CPU.Build.0 = Release|Any CPU
	EndGlobalSection
	GlobalSection(SolutionProperties) = preSolution
		HideSolutionNode = FALSE
	EndGlobalSection
	GlobalSection(ExtensibilityGlobals) = postSolution
		SolutionGuid = {8E663708-F044-407F-BA0B-8D9963CFDC81}
	EndGlobalSection
EndGlobal
